
Microsoft Visual Studio Solution File, Format Version 12.00
# Visual Studio 15
VisualStudioVersion = 15.0.28307.1145
MinimumVisualStudioVersion = 10.0.40219.1
Project("{8BC9CEB8-8B4A-11D0-8D11-00A0C91BC942}") = "STL_Demo", "BaseConcept\BaseConcept.vcxproj", "{A3C3C203-853B-4A66-B4B0-D7CE25E75D65}"
EndProject
Project("{8BC9CEB8-8B4A-11D0-8D11-00A0C91BC942}") = "Win32App01", "Win32App01\Win32App01.vcxproj", "{7CE920B6-C5CD-4F97-A2EF-508446063697}"
EndProject
Project("{8BC9CEB8-8B4A-11D0-8D11-00A0C91BC942}") = "MFCApp01", "MFCApp01\MFCApp01.vcxproj", "{F67A977A-C94D-490C-A595-25CC5CB1DDB1}"
EndProject
Project("{8BC9CEB8-8B4A-11D0-8D11-00A0C91BC942}") = "MFCDialog01", "MFCDialog01\MFCDialog01.vcxproj", "{10877D1B-856A-4622-B58A-C55345520657}"
EndProject
Global
	GlobalSection(SolutionConfigurationPlatforms) = preSolution
		Debug|x64 = Debug|x64
		Debug|x86 = Debug|x86
		Release|x64 = Release|x64
		Release|x86 = Release|x86
	EndGlobalSection
	GlobalSection(ProjectConfigurationPlatforms) = postSolution
		{A3C3C203-853B-4A66-B4B0-D7CE25E75D65}.Debug|x64.ActiveCfg = Debug|x64
		{A3C3C203-853B-4A66-B4B0-D7CE25E75D65}.Debug|x64.Build.0 = Debug|x64
		{A3C3C203-853B-4A66-B4B0-D7CE25E75D65}.Debug|x86.ActiveCfg = Debug|x64
		{A3C3C203-853B-4A66-B4B0-D7CE25E75D65}.Release|x64.ActiveCfg = Release|x64
		{A3C3C203-853B-4A66-B4B0-D7CE25E75D65}.Release|x64.Build.0 = Release|x64
		{A3C3C203-853B-4A66-B4B0-D7CE25E75D65}.Release|x86.ActiveCfg = Release|x64
		{7CE920B6-C5CD-4F97-A2EF-508446063697}.Debug|x64.ActiveCfg = Debug|x64
		{7CE920B6-C5CD-4F97-A2EF-508446063697}.Debug|x64.Build.0 = Debug|x64
		{7CE920B6-C5CD-4F97-A2EF-508446063697}.Debug|x86.ActiveCfg = Debug|Win32
		{7CE920B6-C5CD-4F97-A2EF-508446063697}.Debug|x86.Build.0 = Debug|Win32
		{7CE920B6-C5CD-4F97-A2EF-508446063697}.Release|x64.ActiveCfg = Release|x64
		{7CE920B6-C5CD-4F97-A2EF-508446063697}.Release|x64.Build.0 = Release|x64
		{7CE920B6-C5CD-4F97-A2EF-508446063697}.Release|x86.ActiveCfg = Release|Win32
		{7CE920B6-C5CD-4F97-A2EF-508446063697}.Release|x86.Build.0 = Release|Win32
		{F67A977A-C94D-490C-A595-25CC5CB1DDB1}.Debug|x64.ActiveCfg = Debug|x64
		{F67A977A-C94D-490C-A595-25CC5CB1DDB1}.Debug|x64.Build.0 = Debug|x64
		{F67A977A-C94D-490C-A595-25CC5CB1DDB1}.Debug|x86.ActiveCfg = Debug|Win32
		{F67A977A-C94D-490C-A595-25CC5CB1DDB1}.Debug|x86.Build.0 = Debug|Win32
		{F67A977A-C94D-490C-A595-25CC5CB1DDB1}.Release|x64.ActiveCfg = Release|x64
		{F67A977A-C94D-490C-A595-25CC5CB1DDB1}.Release|x64.Build.0 = Release|x64
		{F67A977A-C94D-490C-A595-25CC5CB1DDB1}.Release|x86.ActiveCfg = Release|Win32
		{F67A977A-C94D-490C-A595-25CC5CB1DDB1}.Release|x86.Build.0 = Release|Win32
		{10877D1B-856A-4622-B58A-C55345520657}.Debug|x64.ActiveCfg = Debug|x64
		{10877D1B-856A-4622-B58A-C55345520657}.Debug|x64.Build.0 = Debug|x64
		{10877D1B-856A-4622-B58A-C55345520657}.Debug|x86.ActiveCfg = Debug|Win32
		{10877D1B-856A-4622-B58A-C55345520657}.Debug|x86.Build.0 = Debug|Win32
		{10877D1B-856A-4622-B58A-C55345520657}.Release|x64.ActiveCfg = Release|x64
		{10877D1B-856A-4622-B58A-C55345520657}.Release|x64.Build.0 = Release|x64
		{10877D1B-856A-4622-B58A-C55345520657}.Release|x86.ActiveCfg = Release|Win32
		{10877D1B-856A-4622-B58A-C55345520657}.Release|x86.Build.0 = Release|Win32
	EndGlobalSection
	GlobalSection(SolutionProperties) = preSolution
		HideSolutionNode = FALSE
	EndGlobalSection
	GlobalSection(ExtensibilityGlobals) = postSolution
		Qt5Version = Qt5.12_msvc2017_64
		SolutionGuid = {D24C0A8F-2D5F-4FE9-9D00-D3D6DC45716D}
	EndGlobalSection
EndGlobal
