<?xml version="1.0" encoding="utf-8"?>
<Project ToolsVersion="4.0" xmlns="http://schemas.microsoft.com/developer/msbuild/2003">
  <ItemGroup>
    <Filter Include="Source Files">
      <UniqueIdentifier>{4FC737F1-C7A5-4376-A066-2A32D752A2FF}</UniqueIdentifier>
      <Extensions>cpp;c;cc;cxx;def;odl;idl;hpj;bat;asm;asmx</Extensions>
    </Filter>
    <Filter Include="Header Files">
      <UniqueIdentifier>{93995380-89BD-4b04-88EB-625FBE52EBFB}</UniqueIdentifier>
      <Extensions>h;hh;hpp;hxx;hm;inl;inc;xsd</Extensions>
    </Filter>
    <Filter Include="Resource Files">
      <UniqueIdentifier>{67DA6AB6-F800-4c08-8B7A-83BB121AAD01}</UniqueIdentifier>
      <Extensions>rc;ico;cur;bmp;dlg;rc2;rct;bin;rgs;gif;jpg;jpeg;jpe;resx;tiff;tif;png;wav;mfcribbon-ms</Extensions>
    </Filter>
    <Filter Include="Resource Files">
      <UniqueIdentifier>{D9D6E242-F8AF-46E4-B9FD-80ECBC20BA3E}</UniqueIdentifier>
      <Extensions>qrc;*</Extensions>
      <ParseFiles>false</ParseFiles>
    </Filter>
  </ItemGroup>
  <ItemGroup>
    <ClCompile Include="main.cpp">
      <Filter>Source Files</Filter>
    </ClCompile>
    <ClCompile Include="Stl01.cpp">
      <Filter>Source Files</Filter>
    </ClCompile>
    <ClCompile Include="io_stu.cpp">
      <Filter>Source Files</Filter>
    </ClCompile>
    <ClCompile Include="mem_manager.cpp">
      <Filter>Source Files</Filter>
    </ClCompile>
    <ClCompile Include="csdn_demo01.cpp">
      <Filter>Source Files</Filter>
    </ClCompile>
    <ClCompile Include="IniParser.cpp">
      <Filter>Source Files</Filter>
    </ClCompile>
    <ClCompile Include="str_demo.cpp">
      <Filter>Source Files</Filter>
    </ClCompile>
    <ClCompile Include="file_demo.cpp">
      <Filter>Source Files</Filter>
    </ClCompile>
    <ClCompile Include="winapi_demo01.cpp">
      <Filter>Source Files</Filter>
    </ClCompile>
    <ClCompile Include="cast_demo.cpp">
      <Filter>Source Files</Filter>
    </ClCompile>
    <ClCompile Include="extern_demo.cpp">
      <Filter>Source Files</Filter>
    </ClCompile>
    <ClCompile Include="function_call_demo.cpp">
      <Filter>Source Files</Filter>
    </ClCompile>
    <ClCompile Include="chrono_demo .cpp">
      <Filter>Source Files</Filter>
    </ClCompile>
    <ClCompile Include="construction_demo.cpp">
      <Filter>Source Files</Filter>
    </ClCompile>
    <ClCompile Include="class_stu.cpp">
      <Filter>Source Files</Filter>
    </ClCompile>
    <ClCompile Include="friend_demo.cpp">
      <Filter>Source Files</Filter>
    </ClCompile>
    <ClCompile Include="template_st.cpp">
      <Filter>Source Files</Filter>
    </ClCompile>
    <ClCompile Include="bits_operation.cpp">
      <Filter>Source Files</Filter>
    </ClCompile>
    <ClCompile Include="BitMapAlgo.cpp">
      <Filter>Source Files</Filter>
    </ClCompile>
    <ClCompile Include="lr_value.cpp">
      <Filter>Source Files</Filter>
    </ClCompile>
    <ClCompile Include="string_demo.cpp">
      <Filter>Source Files</Filter>
    </ClCompile>
    <ClCompile Include="std_function.cpp">
      <Filter>Source Files</Filter>
    </ClCompile>
    <ClCompile Include="point_demo.cpp">
      <Filter>Source Files</Filter>
    </ClCompile>
    <ClCompile Include="stl_tuple_pair.cpp">
      <Filter>Source Files</Filter>
    </ClCompile>
    <ClCompile Include="vector_demo.cpp">
      <Filter>Source Files</Filter>
    </ClCompile>
    <ClCompile Include="const_stu.cpp">
      <Filter>Source Files</Filter>
    </ClCompile>
    <ClCompile Include="static_stu.cpp">
      <Filter>Source Files</Filter>
    </ClCompile>
    <ClCompile Include="map_demo.cpp">
      <Filter>Source Files</Filter>
    </ClCompile>
    <ClCompile Include="base01.cpp">
      <Filter>Source Files</Filter>
    </ClCompile>
    <ClCompile Include="declspec_demo.cpp">
      <Filter>Source Files</Filter>
    </ClCompile>
    <ClCompile Include="volatile_demo.cpp">
      <Filter>Source Files</Filter>
    </ClCompile>
    <ClCompile Include="zhihu_01.cpp">
      <Filter>Source Files</Filter>
    </ClCompile>
    <ClCompile Include="zhihu_02.cpp">
      <Filter>Source Files</Filter>
    </ClCompile>
    <ClCompile Include="ini_file.cpp">
      <Filter>Source Files</Filter>
    </ClCompile>
    <ClCompile Include="array_stu.cpp">
      <Filter>Source Files</Filter>
    </ClCompile>
    <ClCompile Include="thread_demo.cpp">
      <Filter>Source Files</Filter>
    </ClCompile>
    <ClCompile Include="enum_demo.cpp">
      <Filter>Source Files</Filter>
    </ClCompile>
    <ClCompile Include="union_demo.cpp">
      <Filter>Source Files</Filter>
    </ClCompile>
    <ClCompile Include="macro.cpp">
      <Filter>Source Files</Filter>
    </ClCompile>
    <ClCompile Include="exception_demo.cpp">
      <Filter>Source Files</Filter>
    </ClCompile>
  </ItemGroup>
  <ItemGroup>
    <ClInclude Include="Stl01.h">
      <Filter>Header Files</Filter>
    </ClInclude>
    <ClInclude Include="io_stu.h">
      <Filter>Header Files</Filter>
    </ClInclude>
    <ClInclude Include="mem_manager.h">
      <Filter>Header Files</Filter>
    </ClInclude>
    <ClInclude Include="IniParser.h">
      <Filter>Header Files</Filter>
    </ClInclude>
    <ClInclude Include="str_demo.h">
      <Filter>Header Files</Filter>
    </ClInclude>
    <ClInclude Include="file_demo.h">
      <Filter>Header Files</Filter>
    </ClInclude>
    <ClInclude Include="winapi_demo01.h">
      <Filter>Header Files</Filter>
    </ClInclude>
    <ClInclude Include="cast_demo.h">
      <Filter>Header Files</Filter>
    </ClInclude>
    <ClInclude Include="extern_demo.h">
      <Filter>Header Files</Filter>
    </ClInclude>
    <ClInclude Include="BitMapAlgo.h">
      <Filter>Header Files</Filter>
    </ClInclude>
    <ClInclude Include="base01.h">
      <Filter>Header Files</Filter>
    </ClInclude>
    <ClInclude Include="declspec_demo.h">
      <Filter>Header Files</Filter>
    </ClInclude>
    <ClInclude Include="ini_file.h">
      <Filter>Header Files</Filter>
    </ClInclude>
  </ItemGroup>
</Project>